
Microsoft Visual Studio Solution File, Format Version 11.00
# Visual Studio 2010
Project("{3947E667-4C90-4C3A-BEB9-7148D6FE0D7C}") = "Build", "Build.dproj", "{26CA015B-F94B-49E5-B1F2-CFD91FF5DF0E}"
EndProject
Project("{2150E333-8FDC-42A3-9474-1A3956D46DE8}") = "projects", "projects", "{A9B375E3-63D9-4B69-ACFB-C899E1CEAE7A}"
EndProject
Project("{2150E333-8FDC-42A3-9474-1A3956D46DE8}") = "base", "base", "{90E1FE21-3EBE-45F9-86C0-4888E6792703}"
EndProject
Project("{9344BDBB-3E7F-41FC-A0DD-8665D75EE146}") = "base_assets", "base_assets.mdproj", "{686AB1B7-226A-45C1-B478-CC7BA961D979}"
EndProject
Project("{9344BDBB-3E7F-41FC-A0DD-8665D75EE146}") = "base_src", "base_src.mdproj", "{B936E534-2DAE-4395-B59D-7715EA027DB3}"
EndProject
Project("{2150E333-8FDC-42A3-9474-1A3956D46DE8}") = "EngineConnector3d", "EngineConnector3d", "{04075886-5E80-4697-8991-5005243212F9}"
EndProject
Project("{9344BDBB-3E7F-41FC-A0DD-8665D75EE146}") = "ec3d_assets", "ec3d_assets.mdproj", "{685AB1B7-226A-45C1-B478-CC7BA961D979}"
EndProject
Project("{9344BDBB-3E7F-41FC-A0DD-8665D75EE146}") = "ec3d_src", "ec3d_src.mdproj", "{B956E534-2DAE-4395-B59D-7715EA027DB3}"
EndProject
Project("{2150E333-8FDC-42A3-9474-1A3956D46DE8}") = "LuaConnector", "LuaConnector", "{BDDFD357-747A-4CCC-A299-D135A429BC59}"
EndProject
Project("{9344BDBB-3E7F-41FC-A0DD-8665D75EE146}") = "dpe_assets", "dpe_assets.mdproj", "{696AB1B7-226A-45C1-B478-CC7BA961D979}"
EndProject
Project("{9344BDBB-3E7F-41FC-A0DD-8665D75EE146}") = "dpe_src", "dpe_src.mdproj", "{B996E534-2DAE-4395-B59D-7715EA027DB3}"
EndProject
Project("{2150E333-8FDC-42A3-9474-1A3956D46DE8}") = "EngineConnector2d", "EngineConnector2d", "{E7C74364-47F2-4FD8-875A-8063AF2828B1}"
EndProject
Project("{9344BDBB-3E7F-41FC-A0DD-8665D75EE146}") = "ec2d_assets", "ec2d_assets.mdproj", "{A311015C-CA62-49F5-A3BE-E86B62F00C84}"
EndProject
Project("{3947E667-4C90-4C3A-BEB9-7148D6FE0D7C}") = "ec2d_src", "ec2d_src.dproj", "{06780A1F-4038-429F-B252-2FA20162F213}"
EndProject
Project("{2150E333-8FDC-42A3-9474-1A3956D46DE8}") = "deps", "deps", "{280C99A3-23FF-46E2-A3F1-124E0294B3DA}"
EndProject
Project("{2857B73E-F847-4B02-9238-064979017E93}") = "lanes", "lanes.cproj", "{13339D05-CFD3-415D-ACCA-D5E6EEA3948C}"
EndProject
Project("{3947E667-4C90-4C3A-BEB9-7148D6FE0D7C}") = "LuaD", "LuaD.dproj", "{759AE620-EF24-4C16-A409-848E27C1B2AF}"
EndProject
Project("{3947E667-4C90-4C3A-BEB9-7148D6FE0D7C}") = "DAllegro5", "DAllegro5.dproj", "{ED517C90-64A0-4B9C-A0AB-546078D54100}"
EndProject
Global
	GlobalSection(SolutionConfigurationPlatforms) = preSolution
		Debug|Any CPU = Debug|Any CPU
		Release|Any CPU = Release|Any CPU
		Unittest|Any CPU = Unittest|Any CPU
		Debug|x86 = Debug|x86
		Release|x86 = Release|x86
		Unittest|x86 = Unittest|x86
		Debug|x64 = Debug|x64
		Release|x64 = Release|x64
		Unittest|x64 = Unittest|x64
		Default|Any CPU = Default|Any CPU
	EndGlobalSection
	GlobalSection(ProjectConfigurationPlatforms) = postSolution
		{06780A1F-4038-429F-B252-2FA20162F213}.Debug|Any CPU.ActiveCfg = Debug|Any CPU
		{06780A1F-4038-429F-B252-2FA20162F213}.Debug|Any CPU.Build.0 = Debug|Any CPU
		{06780A1F-4038-429F-B252-2FA20162F213}.Debug|x64.ActiveCfg = Debug|Any CPU
		{06780A1F-4038-429F-B252-2FA20162F213}.Debug|x64.Build.0 = Debug|Any CPU
		{06780A1F-4038-429F-B252-2FA20162F213}.Debug|x86.ActiveCfg = Debug|Any CPU
		{06780A1F-4038-429F-B252-2FA20162F213}.Debug|x86.Build.0 = Debug|Any CPU
		{06780A1F-4038-429F-B252-2FA20162F213}.Default|Any CPU.ActiveCfg = Debug|Any CPU
		{06780A1F-4038-429F-B252-2FA20162F213}.Default|Any CPU.Build.0 = Debug|Any CPU
		{06780A1F-4038-429F-B252-2FA20162F213}.Release|Any CPU.ActiveCfg = Release|Any CPU
		{06780A1F-4038-429F-B252-2FA20162F213}.Release|Any CPU.Build.0 = Release|Any CPU
		{06780A1F-4038-429F-B252-2FA20162F213}.Release|x64.ActiveCfg = Release|Any CPU
		{06780A1F-4038-429F-B252-2FA20162F213}.Release|x64.Build.0 = Release|Any CPU
		{06780A1F-4038-429F-B252-2FA20162F213}.Release|x86.ActiveCfg = Release|Any CPU
		{06780A1F-4038-429F-B252-2FA20162F213}.Release|x86.Build.0 = Release|Any CPU
		{06780A1F-4038-429F-B252-2FA20162F213}.Unittest|Any CPU.ActiveCfg = Unittest|Any CPU
		{06780A1F-4038-429F-B252-2FA20162F213}.Unittest|Any CPU.Build.0 = Unittest|Any CPU
		{06780A1F-4038-429F-B252-2FA20162F213}.Unittest|x64.ActiveCfg = Unittest|Any CPU
		{06780A1F-4038-429F-B252-2FA20162F213}.Unittest|x64.Build.0 = Unittest|Any CPU
		{06780A1F-4038-429F-B252-2FA20162F213}.Unittest|x86.ActiveCfg = Unittest|Any CPU
		{06780A1F-4038-429F-B252-2FA20162F213}.Unittest|x86.Build.0 = Unittest|Any CPU
		{13339D05-CFD3-415D-ACCA-D5E6EEA3948C}.Debug|Any CPU.ActiveCfg = Debug|x86
		{13339D05-CFD3-415D-ACCA-D5E6EEA3948C}.Debug|Any CPU.Build.0 = Debug|x86
		{13339D05-CFD3-415D-ACCA-D5E6EEA3948C}.Debug|x64.ActiveCfg = Debug|x64
		{13339D05-CFD3-415D-ACCA-D5E6EEA3948C}.Debug|x64.Build.0 = Debug|x64
		{13339D05-CFD3-415D-ACCA-D5E6EEA3948C}.Debug|x86.ActiveCfg = Debug|x86
		{13339D05-CFD3-415D-ACCA-D5E6EEA3948C}.Debug|x86.Build.0 = Debug|x86
		{13339D05-CFD3-415D-ACCA-D5E6EEA3948C}.Default|Any CPU.ActiveCfg = Debug|x86
		{13339D05-CFD3-415D-ACCA-D5E6EEA3948C}.Default|Any CPU.Build.0 = Debug|x86
		{13339D05-CFD3-415D-ACCA-D5E6EEA3948C}.Release|Any CPU.ActiveCfg = Release|x86
		{13339D05-CFD3-415D-ACCA-D5E6EEA3948C}.Release|Any CPU.Build.0 = Release|x86
		{13339D05-CFD3-415D-ACCA-D5E6EEA3948C}.Release|x64.ActiveCfg = Release|x64
		{13339D05-CFD3-415D-ACCA-D5E6EEA3948C}.Release|x64.Build.0 = Release|x64
		{13339D05-CFD3-415D-ACCA-D5E6EEA3948C}.Release|x86.ActiveCfg = Release|x86
		{13339D05-CFD3-415D-ACCA-D5E6EEA3948C}.Release|x86.Build.0 = Release|x86
		{13339D05-CFD3-415D-ACCA-D5E6EEA3948C}.Unittest|Any CPU.ActiveCfg = Debug|x86
		{13339D05-CFD3-415D-ACCA-D5E6EEA3948C}.Unittest|Any CPU.Build.0 = Debug|x86
		{13339D05-CFD3-415D-ACCA-D5E6EEA3948C}.Unittest|x64.ActiveCfg = Debug|x64
		{13339D05-CFD3-415D-ACCA-D5E6EEA3948C}.Unittest|x64.Build.0 = Debug|x64
		{13339D05-CFD3-415D-ACCA-D5E6EEA3948C}.Unittest|x86.ActiveCfg = Debug|x86
		{13339D05-CFD3-415D-ACCA-D5E6EEA3948C}.Unittest|x86.Build.0 = Debug|x86
		{26CA015B-F94B-49E5-B1F2-CFD91FF5DF0E}.Debug|Any CPU.ActiveCfg = Debug|x86
		{26CA015B-F94B-49E5-B1F2-CFD91FF5DF0E}.Debug|Any CPU.Build.0 = Debug|x86
		{26CA015B-F94B-49E5-B1F2-CFD91FF5DF0E}.Debug|x64.ActiveCfg = Debug|x64
		{26CA015B-F94B-49E5-B1F2-CFD91FF5DF0E}.Debug|x64.Build.0 = Debug|x64
		{26CA015B-F94B-49E5-B1F2-CFD91FF5DF0E}.Debug|x86.ActiveCfg = Debug|x86
		{26CA015B-F94B-49E5-B1F2-CFD91FF5DF0E}.Debug|x86.Build.0 = Debug|x86
		{26CA015B-F94B-49E5-B1F2-CFD91FF5DF0E}.Default|Any CPU.ActiveCfg = Debug|x86
		{26CA015B-F94B-49E5-B1F2-CFD91FF5DF0E}.Default|Any CPU.Build.0 = Debug|x86
		{26CA015B-F94B-49E5-B1F2-CFD91FF5DF0E}.Release|Any CPU.ActiveCfg = Debug|x86
		{26CA015B-F94B-49E5-B1F2-CFD91FF5DF0E}.Release|Any CPU.Build.0 = Debug|x86
		{26CA015B-F94B-49E5-B1F2-CFD91FF5DF0E}.Release|x64.ActiveCfg = Release|x64
		{26CA015B-F94B-49E5-B1F2-CFD91FF5DF0E}.Release|x64.Build.0 = Release|x64
		{26CA015B-F94B-49E5-B1F2-CFD91FF5DF0E}.Release|x86.ActiveCfg = Release|x86
		{26CA015B-F94B-49E5-B1F2-CFD91FF5DF0E}.Release|x86.Build.0 = Release|x86
		{26CA015B-F94B-49E5-B1F2-CFD91FF5DF0E}.Unittest|Any CPU.ActiveCfg = Debug|x86
		{26CA015B-F94B-49E5-B1F2-CFD91FF5DF0E}.Unittest|Any CPU.Build.0 = Debug|x86
		{26CA015B-F94B-49E5-B1F2-CFD91FF5DF0E}.Unittest|x64.ActiveCfg = Unittest|x64
		{26CA015B-F94B-49E5-B1F2-CFD91FF5DF0E}.Unittest|x64.Build.0 = Unittest|x64
		{26CA015B-F94B-49E5-B1F2-CFD91FF5DF0E}.Unittest|x86.ActiveCfg = Unittest|x86
		{26CA015B-F94B-49E5-B1F2-CFD91FF5DF0E}.Unittest|x86.Build.0 = Unittest|x86
		{685AB1B7-226A-45C1-B478-CC7BA961D979}.Debug|Any CPU.ActiveCfg = Default|Any CPU
		{685AB1B7-226A-45C1-B478-CC7BA961D979}.Debug|Any CPU.Build.0 = Default|Any CPU
		{685AB1B7-226A-45C1-B478-CC7BA961D979}.Debug|x64.ActiveCfg = Default|Any CPU
		{685AB1B7-226A-45C1-B478-CC7BA961D979}.Debug|x64.Build.0 = Default|Any CPU
		{685AB1B7-226A-45C1-B478-CC7BA961D979}.Debug|x86.ActiveCfg = Default|Any CPU
		{685AB1B7-226A-45C1-B478-CC7BA961D979}.Debug|x86.Build.0 = Default|Any CPU
		{685AB1B7-226A-45C1-B478-CC7BA961D979}.Default|Any CPU.ActiveCfg = Default|Any CPU
		{685AB1B7-226A-45C1-B478-CC7BA961D979}.Default|Any CPU.Build.0 = Default|Any CPU
		{685AB1B7-226A-45C1-B478-CC7BA961D979}.Release|Any CPU.ActiveCfg = Default|Any CPU
		{685AB1B7-226A-45C1-B478-CC7BA961D979}.Release|Any CPU.Build.0 = Default|Any CPU
		{685AB1B7-226A-45C1-B478-CC7BA961D979}.Release|x64.ActiveCfg = Default|Any CPU
		{685AB1B7-226A-45C1-B478-CC7BA961D979}.Release|x64.Build.0 = Default|Any CPU
		{685AB1B7-226A-45C1-B478-CC7BA961D979}.Release|x86.ActiveCfg = Default|Any CPU
		{685AB1B7-226A-45C1-B478-CC7BA961D979}.Release|x86.Build.0 = Default|Any CPU
		{685AB1B7-226A-45C1-B478-CC7BA961D979}.Unittest|Any CPU.ActiveCfg = Default|Any CPU
		{685AB1B7-226A-45C1-B478-CC7BA961D979}.Unittest|Any CPU.Build.0 = Default|Any CPU
		{685AB1B7-226A-45C1-B478-CC7BA961D979}.Unittest|x64.ActiveCfg = Default|Any CPU
		{685AB1B7-226A-45C1-B478-CC7BA961D979}.Unittest|x64.Build.0 = Default|Any CPU
		{685AB1B7-226A-45C1-B478-CC7BA961D979}.Unittest|x86.ActiveCfg = Default|Any CPU
		{685AB1B7-226A-45C1-B478-CC7BA961D979}.Unittest|x86.Build.0 = Default|Any CPU
		{686AB1B7-226A-45C1-B478-CC7BA961D979}.Debug|Any CPU.ActiveCfg = Default|Any CPU
		{686AB1B7-226A-45C1-B478-CC7BA961D979}.Debug|Any CPU.Build.0 = Default|Any CPU
		{686AB1B7-226A-45C1-B478-CC7BA961D979}.Debug|x64.ActiveCfg = Default|Any CPU
		{686AB1B7-226A-45C1-B478-CC7BA961D979}.Debug|x64.Build.0 = Default|Any CPU
		{686AB1B7-226A-45C1-B478-CC7BA961D979}.Debug|x86.ActiveCfg = Default|Any CPU
		{686AB1B7-226A-45C1-B478-CC7BA961D979}.Debug|x86.Build.0 = Default|Any CPU
		{686AB1B7-226A-45C1-B478-CC7BA961D979}.Default|Any CPU.ActiveCfg = Default|Any CPU
		{686AB1B7-226A-45C1-B478-CC7BA961D979}.Default|Any CPU.Build.0 = Default|Any CPU
		{686AB1B7-226A-45C1-B478-CC7BA961D979}.Release|Any CPU.ActiveCfg = Default|Any CPU
		{686AB1B7-226A-45C1-B478-CC7BA961D979}.Release|Any CPU.Build.0 = Default|Any CPU
		{686AB1B7-226A-45C1-B478-CC7BA961D979}.Release|x64.ActiveCfg = Default|Any CPU
		{686AB1B7-226A-45C1-B478-CC7BA961D979}.Release|x64.Build.0 = Default|Any CPU
		{686AB1B7-226A-45C1-B478-CC7BA961D979}.Release|x86.ActiveCfg = Default|Any CPU
		{686AB1B7-226A-45C1-B478-CC7BA961D979}.Release|x86.Build.0 = Default|Any CPU
		{686AB1B7-226A-45C1-B478-CC7BA961D979}.Unittest|Any CPU.ActiveCfg = Default|Any CPU
		{686AB1B7-226A-45C1-B478-CC7BA961D979}.Unittest|Any CPU.Build.0 = Default|Any CPU
		{686AB1B7-226A-45C1-B478-CC7BA961D979}.Unittest|x64.ActiveCfg = Default|Any CPU
		{686AB1B7-226A-45C1-B478-CC7BA961D979}.Unittest|x64.Build.0 = Default|Any CPU
		{686AB1B7-226A-45C1-B478-CC7BA961D979}.Unittest|x86.ActiveCfg = Default|Any CPU
		{686AB1B7-226A-45C1-B478-CC7BA961D979}.Unittest|x86.Build.0 = Default|Any CPU
		{696AB1B7-226A-45C1-B478-CC7BA961D979}.Debug|Any CPU.ActiveCfg = Default|Any CPU
		{696AB1B7-226A-45C1-B478-CC7BA961D979}.Debug|Any CPU.Build.0 = Default|Any CPU
		{696AB1B7-226A-45C1-B478-CC7BA961D979}.Debug|x64.ActiveCfg = Default|Any CPU
		{696AB1B7-226A-45C1-B478-CC7BA961D979}.Debug|x64.Build.0 = Default|Any CPU
		{696AB1B7-226A-45C1-B478-CC7BA961D979}.Debug|x86.ActiveCfg = Default|Any CPU
		{696AB1B7-226A-45C1-B478-CC7BA961D979}.Debug|x86.Build.0 = Default|Any CPU
		{696AB1B7-226A-45C1-B478-CC7BA961D979}.Default|Any CPU.ActiveCfg = Default|Any CPU
		{696AB1B7-226A-45C1-B478-CC7BA961D979}.Default|Any CPU.Build.0 = Default|Any CPU
		{696AB1B7-226A-45C1-B478-CC7BA961D979}.Release|Any CPU.ActiveCfg = Default|Any CPU
		{696AB1B7-226A-45C1-B478-CC7BA961D979}.Release|Any CPU.Build.0 = Default|Any CPU
		{696AB1B7-226A-45C1-B478-CC7BA961D979}.Release|x64.ActiveCfg = Default|Any CPU
		{696AB1B7-226A-45C1-B478-CC7BA961D979}.Release|x64.Build.0 = Default|Any CPU
		{696AB1B7-226A-45C1-B478-CC7BA961D979}.Release|x86.ActiveCfg = Default|Any CPU
		{696AB1B7-226A-45C1-B478-CC7BA961D979}.Release|x86.Build.0 = Default|Any CPU
		{696AB1B7-226A-45C1-B478-CC7BA961D979}.Unittest|Any CPU.ActiveCfg = Default|Any CPU
		{696AB1B7-226A-45C1-B478-CC7BA961D979}.Unittest|Any CPU.Build.0 = Default|Any CPU
		{696AB1B7-226A-45C1-B478-CC7BA961D979}.Unittest|x64.ActiveCfg = Default|Any CPU
		{696AB1B7-226A-45C1-B478-CC7BA961D979}.Unittest|x64.Build.0 = Default|Any CPU
		{696AB1B7-226A-45C1-B478-CC7BA961D979}.Unittest|x86.ActiveCfg = Default|Any CPU
		{696AB1B7-226A-45C1-B478-CC7BA961D979}.Unittest|x86.Build.0 = Default|Any CPU
		{759AE620-EF24-4C16-A409-848E27C1B2AF}.Debug|Any CPU.ActiveCfg = Debug|x86
		{759AE620-EF24-4C16-A409-848E27C1B2AF}.Debug|Any CPU.Build.0 = Debug|x86
		{759AE620-EF24-4C16-A409-848E27C1B2AF}.Debug|x64.ActiveCfg = Debug|x64
		{759AE620-EF24-4C16-A409-848E27C1B2AF}.Debug|x64.Build.0 = Debug|x64
		{759AE620-EF24-4C16-A409-848E27C1B2AF}.Debug|x86.ActiveCfg = Debug|x86
		{759AE620-EF24-4C16-A409-848E27C1B2AF}.Debug|x86.Build.0 = Debug|x86
		{759AE620-EF24-4C16-A409-848E27C1B2AF}.Default|Any CPU.ActiveCfg = Debug|x86
		{759AE620-EF24-4C16-A409-848E27C1B2AF}.Default|Any CPU.Build.0 = Debug|x86
		{759AE620-EF24-4C16-A409-848E27C1B2AF}.Release|Any CPU.ActiveCfg = Release|x86
		{759AE620-EF24-4C16-A409-848E27C1B2AF}.Release|Any CPU.Build.0 = Release|x86
		{759AE620-EF24-4C16-A409-848E27C1B2AF}.Release|x64.ActiveCfg = Release|x64
		{759AE620-EF24-4C16-A409-848E27C1B2AF}.Release|x64.Build.0 = Release|x64
		{759AE620-EF24-4C16-A409-848E27C1B2AF}.Release|x86.ActiveCfg = Release|x86
		{759AE620-EF24-4C16-A409-848E27C1B2AF}.Release|x86.Build.0 = Release|x86
		{759AE620-EF24-4C16-A409-848E27C1B2AF}.Unittest|Any CPU.ActiveCfg = Unittest|x86
		{759AE620-EF24-4C16-A409-848E27C1B2AF}.Unittest|Any CPU.Build.0 = Unittest|x86
		{759AE620-EF24-4C16-A409-848E27C1B2AF}.Unittest|x64.ActiveCfg = Unittest|x64
		{759AE620-EF24-4C16-A409-848E27C1B2AF}.Unittest|x64.Build.0 = Unittest|x64
		{759AE620-EF24-4C16-A409-848E27C1B2AF}.Unittest|x86.ActiveCfg = Unittest|x86
		{759AE620-EF24-4C16-A409-848E27C1B2AF}.Unittest|x86.Build.0 = Unittest|x86
		{A311015C-CA62-49F5-A3BE-E86B62F00C84}.Debug|Any CPU.ActiveCfg = Default|Any CPU
		{A311015C-CA62-49F5-A3BE-E86B62F00C84}.Debug|Any CPU.Build.0 = Default|Any CPU
		{A311015C-CA62-49F5-A3BE-E86B62F00C84}.Debug|x64.ActiveCfg = Default|Any CPU
		{A311015C-CA62-49F5-A3BE-E86B62F00C84}.Debug|x64.Build.0 = Default|Any CPU
		{A311015C-CA62-49F5-A3BE-E86B62F00C84}.Debug|x86.ActiveCfg = Default|Any CPU
		{A311015C-CA62-49F5-A3BE-E86B62F00C84}.Debug|x86.Build.0 = Default|Any CPU
		{A311015C-CA62-49F5-A3BE-E86B62F00C84}.Default|Any CPU.ActiveCfg = Default|Any CPU
		{A311015C-CA62-49F5-A3BE-E86B62F00C84}.Default|Any CPU.Build.0 = Default|Any CPU
		{A311015C-CA62-49F5-A3BE-E86B62F00C84}.Release|Any CPU.ActiveCfg = Default|Any CPU
		{A311015C-CA62-49F5-A3BE-E86B62F00C84}.Release|Any CPU.Build.0 = Default|Any CPU
		{A311015C-CA62-49F5-A3BE-E86B62F00C84}.Release|x64.ActiveCfg = Default|Any CPU
		{A311015C-CA62-49F5-A3BE-E86B62F00C84}.Release|x64.Build.0 = Default|Any CPU
		{A311015C-CA62-49F5-A3BE-E86B62F00C84}.Release|x86.ActiveCfg = Default|Any CPU
		{A311015C-CA62-49F5-A3BE-E86B62F00C84}.Release|x86.Build.0 = Default|Any CPU
		{A311015C-CA62-49F5-A3BE-E86B62F00C84}.Unittest|Any CPU.ActiveCfg = Default|Any CPU
		{A311015C-CA62-49F5-A3BE-E86B62F00C84}.Unittest|Any CPU.Build.0 = Default|Any CPU
		{A311015C-CA62-49F5-A3BE-E86B62F00C84}.Unittest|x64.ActiveCfg = Default|Any CPU
		{A311015C-CA62-49F5-A3BE-E86B62F00C84}.Unittest|x64.Build.0 = Default|Any CPU
		{A311015C-CA62-49F5-A3BE-E86B62F00C84}.Unittest|x86.ActiveCfg = Default|Any CPU
		{A311015C-CA62-49F5-A3BE-E86B62F00C84}.Unittest|x86.Build.0 = Default|Any CPU
		{B936E534-2DAE-4395-B59D-7715EA027DB3}.Debug|Any CPU.ActiveCfg = Default|Any CPU
		{B936E534-2DAE-4395-B59D-7715EA027DB3}.Debug|Any CPU.Build.0 = Default|Any CPU
		{B936E534-2DAE-4395-B59D-7715EA027DB3}.Debug|x64.ActiveCfg = Default|Any CPU
		{B936E534-2DAE-4395-B59D-7715EA027DB3}.Debug|x64.Build.0 = Default|Any CPU
		{B936E534-2DAE-4395-B59D-7715EA027DB3}.Debug|x86.ActiveCfg = Default|Any CPU
		{B936E534-2DAE-4395-B59D-7715EA027DB3}.Debug|x86.Build.0 = Default|Any CPU
		{B936E534-2DAE-4395-B59D-7715EA027DB3}.Default|Any CPU.ActiveCfg = Default|Any CPU
		{B936E534-2DAE-4395-B59D-7715EA027DB3}.Default|Any CPU.Build.0 = Default|Any CPU
		{B936E534-2DAE-4395-B59D-7715EA027DB3}.Release|Any CPU.ActiveCfg = Default|Any CPU
		{B936E534-2DAE-4395-B59D-7715EA027DB3}.Release|Any CPU.Build.0 = Default|Any CPU
		{B936E534-2DAE-4395-B59D-7715EA027DB3}.Release|x64.ActiveCfg = Default|Any CPU
		{B936E534-2DAE-4395-B59D-7715EA027DB3}.Release|x64.Build.0 = Default|Any CPU
		{B936E534-2DAE-4395-B59D-7715EA027DB3}.Release|x86.ActiveCfg = Default|Any CPU
		{B936E534-2DAE-4395-B59D-7715EA027DB3}.Release|x86.Build.0 = Default|Any CPU
		{B936E534-2DAE-4395-B59D-7715EA027DB3}.Unittest|Any CPU.ActiveCfg = Default|Any CPU
		{B936E534-2DAE-4395-B59D-7715EA027DB3}.Unittest|Any CPU.Build.0 = Default|Any CPU
		{B936E534-2DAE-4395-B59D-7715EA027DB3}.Unittest|x64.ActiveCfg = Default|Any CPU
		{B936E534-2DAE-4395-B59D-7715EA027DB3}.Unittest|x64.Build.0 = Default|Any CPU
		{B936E534-2DAE-4395-B59D-7715EA027DB3}.Unittest|x86.ActiveCfg = Default|Any CPU
		{B936E534-2DAE-4395-B59D-7715EA027DB3}.Unittest|x86.Build.0 = Default|Any CPU
		{B956E534-2DAE-4395-B59D-7715EA027DB3}.Debug|Any CPU.ActiveCfg = Default|Any CPU
		{B956E534-2DAE-4395-B59D-7715EA027DB3}.Debug|Any CPU.Build.0 = Default|Any CPU
		{B956E534-2DAE-4395-B59D-7715EA027DB3}.Debug|x64.ActiveCfg = Default|Any CPU
		{B956E534-2DAE-4395-B59D-7715EA027DB3}.Debug|x64.Build.0 = Default|Any CPU
		{B956E534-2DAE-4395-B59D-7715EA027DB3}.Debug|x86.ActiveCfg = Default|Any CPU
		{B956E534-2DAE-4395-B59D-7715EA027DB3}.Debug|x86.Build.0 = Default|Any CPU
		{B956E534-2DAE-4395-B59D-7715EA027DB3}.Default|Any CPU.ActiveCfg = Default|Any CPU
		{B956E534-2DAE-4395-B59D-7715EA027DB3}.Default|Any CPU.Build.0 = Default|Any CPU
		{B956E534-2DAE-4395-B59D-7715EA027DB3}.Release|Any CPU.ActiveCfg = Default|Any CPU
		{B956E534-2DAE-4395-B59D-7715EA027DB3}.Release|Any CPU.Build.0 = Default|Any CPU
		{B956E534-2DAE-4395-B59D-7715EA027DB3}.Release|x64.ActiveCfg = Default|Any CPU
		{B956E534-2DAE-4395-B59D-7715EA027DB3}.Release|x64.Build.0 = Default|Any CPU
		{B956E534-2DAE-4395-B59D-7715EA027DB3}.Release|x86.ActiveCfg = Default|Any CPU
		{B956E534-2DAE-4395-B59D-7715EA027DB3}.Release|x86.Build.0 = Default|Any CPU
		{B956E534-2DAE-4395-B59D-7715EA027DB3}.Unittest|Any CPU.ActiveCfg = Default|Any CPU
		{B956E534-2DAE-4395-B59D-7715EA027DB3}.Unittest|Any CPU.Build.0 = Default|Any CPU
		{B956E534-2DAE-4395-B59D-7715EA027DB3}.Unittest|x64.ActiveCfg = Default|Any CPU
		{B956E534-2DAE-4395-B59D-7715EA027DB3}.Unittest|x64.Build.0 = Default|Any CPU
		{B956E534-2DAE-4395-B59D-7715EA027DB3}.Unittest|x86.ActiveCfg = Default|Any CPU
		{B956E534-2DAE-4395-B59D-7715EA027DB3}.Unittest|x86.Build.0 = Default|Any CPU
		{B996E534-2DAE-4395-B59D-7715EA027DB3}.Debug|Any CPU.ActiveCfg = Default|Any CPU
		{B996E534-2DAE-4395-B59D-7715EA027DB3}.Debug|Any CPU.Build.0 = Default|Any CPU
		{B996E534-2DAE-4395-B59D-7715EA027DB3}.Debug|x64.ActiveCfg = Default|Any CPU
		{B996E534-2DAE-4395-B59D-7715EA027DB3}.Debug|x64.Build.0 = Default|Any CPU
		{B996E534-2DAE-4395-B59D-7715EA027DB3}.Debug|x86.ActiveCfg = Default|Any CPU
		{B996E534-2DAE-4395-B59D-7715EA027DB3}.Debug|x86.Build.0 = Default|Any CPU
		{B996E534-2DAE-4395-B59D-7715EA027DB3}.Default|Any CPU.ActiveCfg = Default|Any CPU
		{B996E534-2DAE-4395-B59D-7715EA027DB3}.Default|Any CPU.Build.0 = Default|Any CPU
		{B996E534-2DAE-4395-B59D-7715EA027DB3}.Release|Any CPU.ActiveCfg = Default|Any CPU
		{B996E534-2DAE-4395-B59D-7715EA027DB3}.Release|Any CPU.Build.0 = Default|Any CPU
		{B996E534-2DAE-4395-B59D-7715EA027DB3}.Release|x64.ActiveCfg = Default|Any CPU
		{B996E534-2DAE-4395-B59D-7715EA027DB3}.Release|x64.Build.0 = Default|Any CPU
		{B996E534-2DAE-4395-B59D-7715EA027DB3}.Release|x86.ActiveCfg = Default|Any CPU
		{B996E534-2DAE-4395-B59D-7715EA027DB3}.Release|x86.Build.0 = Default|Any CPU
		{B996E534-2DAE-4395-B59D-7715EA027DB3}.Unittest|Any CPU.ActiveCfg = Default|Any CPU
		{B996E534-2DAE-4395-B59D-7715EA027DB3}.Unittest|Any CPU.Build.0 = Default|Any CPU
		{B996E534-2DAE-4395-B59D-7715EA027DB3}.Unittest|x64.ActiveCfg = Default|Any CPU
		{B996E534-2DAE-4395-B59D-7715EA027DB3}.Unittest|x64.Build.0 = Default|Any CPU
		{B996E534-2DAE-4395-B59D-7715EA027DB3}.Unittest|x86.ActiveCfg = Default|Any CPU
		{B996E534-2DAE-4395-B59D-7715EA027DB3}.Unittest|x86.Build.0 = Default|Any CPU
		{ED517C90-64A0-4B9C-A0AB-546078D54100}.Debug|Any CPU.ActiveCfg = Debug|Any CPU
		{ED517C90-64A0-4B9C-A0AB-546078D54100}.Debug|Any CPU.Build.0 = Debug|Any CPU
		{ED517C90-64A0-4B9C-A0AB-546078D54100}.Debug|x64.ActiveCfg = Debug|Any CPU
		{ED517C90-64A0-4B9C-A0AB-546078D54100}.Debug|x64.Build.0 = Debug|Any CPU
		{ED517C90-64A0-4B9C-A0AB-546078D54100}.Debug|x86.ActiveCfg = Debug|Any CPU
		{ED517C90-64A0-4B9C-A0AB-546078D54100}.Debug|x86.Build.0 = Debug|Any CPU
		{ED517C90-64A0-4B9C-A0AB-546078D54100}.Default|Any CPU.ActiveCfg = Debug|Any CPU
		{ED517C90-64A0-4B9C-A0AB-546078D54100}.Default|Any CPU.Build.0 = Debug|Any CPU
		{ED517C90-64A0-4B9C-A0AB-546078D54100}.Release|Any CPU.ActiveCfg = Release|Any CPU
		{ED517C90-64A0-4B9C-A0AB-546078D54100}.Release|Any CPU.Build.0 = Release|Any CPU
		{ED517C90-64A0-4B9C-A0AB-546078D54100}.Release|x64.ActiveCfg = Release|Any CPU
		{ED517C90-64A0-4B9C-A0AB-546078D54100}.Release|x64.Build.0 = Release|Any CPU
		{ED517C90-64A0-4B9C-A0AB-546078D54100}.Release|x86.ActiveCfg = Release|Any CPU
		{ED517C90-64A0-4B9C-A0AB-546078D54100}.Release|x86.Build.0 = Release|Any CPU
		{ED517C90-64A0-4B9C-A0AB-546078D54100}.Unittest|Any CPU.ActiveCfg = Unittest|Any CPU
		{ED517C90-64A0-4B9C-A0AB-546078D54100}.Unittest|Any CPU.Build.0 = Unittest|Any CPU
		{ED517C90-64A0-4B9C-A0AB-546078D54100}.Unittest|x64.ActiveCfg = Unittest|Any CPU
		{ED517C90-64A0-4B9C-A0AB-546078D54100}.Unittest|x64.Build.0 = Unittest|Any CPU
		{ED517C90-64A0-4B9C-A0AB-546078D54100}.Unittest|x86.ActiveCfg = Unittest|Any CPU
		{ED517C90-64A0-4B9C-A0AB-546078D54100}.Unittest|x86.Build.0 = Unittest|Any CPU
	EndGlobalSection
	GlobalSection(NestedProjects) = preSolution
		{90E1FE21-3EBE-45F9-86C0-4888E6792703} = {A9B375E3-63D9-4B69-ACFB-C899E1CEAE7A}
		{04075886-5E80-4697-8991-5005243212F9} = {A9B375E3-63D9-4B69-ACFB-C899E1CEAE7A}
		{BDDFD357-747A-4CCC-A299-D135A429BC59} = {A9B375E3-63D9-4B69-ACFB-C899E1CEAE7A}
		{E7C74364-47F2-4FD8-875A-8063AF2828B1} = {A9B375E3-63D9-4B69-ACFB-C899E1CEAE7A}
		{686AB1B7-226A-45C1-B478-CC7BA961D979} = {90E1FE21-3EBE-45F9-86C0-4888E6792703}
		{B936E534-2DAE-4395-B59D-7715EA027DB3} = {90E1FE21-3EBE-45F9-86C0-4888E6792703}
		{685AB1B7-226A-45C1-B478-CC7BA961D979} = {04075886-5E80-4697-8991-5005243212F9}
		{B956E534-2DAE-4395-B59D-7715EA027DB3} = {04075886-5E80-4697-8991-5005243212F9}
		{696AB1B7-226A-45C1-B478-CC7BA961D979} = {BDDFD357-747A-4CCC-A299-D135A429BC59}
		{B996E534-2DAE-4395-B59D-7715EA027DB3} = {BDDFD357-747A-4CCC-A299-D135A429BC59}
		{A311015C-CA62-49F5-A3BE-E86B62F00C84} = {E7C74364-47F2-4FD8-875A-8063AF2828B1}
		{06780A1F-4038-429F-B252-2FA20162F213} = {E7C74364-47F2-4FD8-875A-8063AF2828B1}
		{13339D05-CFD3-415D-ACCA-D5E6EEA3948C} = {280C99A3-23FF-46E2-A3F1-124E0294B3DA}
		{759AE620-EF24-4C16-A409-848E27C1B2AF} = {280C99A3-23FF-46E2-A3F1-124E0294B3DA}
		{ED517C90-64A0-4B9C-A0AB-546078D54100} = {280C99A3-23FF-46E2-A3F1-124E0294B3DA}
	EndGlobalSection
	GlobalSection(MonoDevelopProperties) = preSolution
		StartupItem = Build.dproj
	EndGlobalSection
EndGlobal
