<?xml version="1.0" encoding="utf-8"?>
<Project DefaultTargets="Build" ToolsVersion="4.0" xmlns="http://schemas.microsoft.com/developer/msbuild/2003">
  <PropertyGroup>
    <Configuration Condition=" '$(Configuration)' == '' ">Debug</Configuration>
    <Platform Condition=" '$(Platform)' == '' ">x86</Platform>
    <ProductVersion>10.0.0</ProductVersion>
    <SchemaVersion>2.0</SchemaVersion>
    <ProjectGuid>{759AE620-EF24-4C16-A409-848E27C1B2AF}</ProjectGuid>
    <PreferOneStepBuild>true</PreferOneStepBuild>
    <UseDefaultCompiler>true</UseDefaultCompiler>
    <IncrementalLinking>true</IncrementalLinking>
    <Compiler>DMD2</Compiler>
    <BaseDirectory>LuaD</BaseDirectory>
  </PropertyGroup>
  <PropertyGroup Condition=" '$(Configuration)|$(Platform)' == 'Debug|x86' ">
    <DebugSymbols>true</DebugSymbols>
    <OutputPath>bin\Debug</OutputPath>
    <ObjectsDirectory>obj/Debug</ObjectsDirectory>
    <UnittestMode>false</UnittestMode>
    <OutputName>LuaD</OutputName>
    <Target>StaticLibrary</Target>
    <Externalconsole>true</Externalconsole>
    <DebugLevel>0</DebugLevel>
  </PropertyGroup>
  <PropertyGroup Condition=" '$(Configuration)|$(Platform)' == 'Release|x86' ">
    <OutputPath>bin\Release</OutputPath>
    <Externalconsole>true</Externalconsole>
    <Target>StaticLibrary</Target>
    <OutputName>LuaD</OutputName>
    <UnittestMode>false</UnittestMode>
    <ObjectsDirectory>obj/Release</ObjectsDirectory>
    <DebugLevel>0</DebugLevel>
  </PropertyGroup>
  <PropertyGroup Condition=" '$(Configuration)|$(Platform)' == 'Unittest|x86' ">
    <DebugSymbols>true</DebugSymbols>
    <OutputPath>bin\Unittest</OutputPath>
    <ObjectsDirectory>obj/Unittest</ObjectsDirectory>
    <UnittestMode>true</UnittestMode>
    <OutputName>LuaD</OutputName>
    <Target>Executable</Target>
    <Externalconsole>true</Externalconsole>
    <DebugLevel>0</DebugLevel>
  </PropertyGroup>
  <PropertyGroup Condition=" '$(Configuration)|$(Platform)' == 'Debug|x64' ">
    <DebugSymbols>true</DebugSymbols>
    <OutputPath>bin\Debug</OutputPath>
    <ObjectsDirectory>obj/Debug</ObjectsDirectory>
    <UnittestMode>false</UnittestMode>
    <OutputName>LuaD</OutputName>
    <Target>StaticLibrary</Target>
    <Externalconsole>true</Externalconsole>
    <DebugLevel>0</DebugLevel>
    <ExtraCompilerArguments>-m64</ExtraCompilerArguments>
  </PropertyGroup>
  <PropertyGroup Condition=" '$(Configuration)|$(Platform)' == 'Release|x64' ">
    <OutputPath>bin\Release</OutputPath>
    <Externalconsole>true</Externalconsole>
    <OutputName>LuaD</OutputName>
    <UnittestMode>false</UnittestMode>
    <ObjectsDirectory>obj/Release</ObjectsDirectory>
    <DebugLevel>0</DebugLevel>
    <ExtraCompilerArguments>-m64</ExtraCompilerArguments>
    <Target>StaticLibrary</Target>
  </PropertyGroup>
  <PropertyGroup Condition=" '$(Configuration)|$(Platform)' == 'Unittest|x64' ">
    <DebugSymbols>true</DebugSymbols>
    <OutputPath>bin\Unittest</OutputPath>
    <ObjectsDirectory>obj/Unittest</ObjectsDirectory>
    <UnittestMode>true</UnittestMode>
    <OutputName>LuaD</OutputName>
    <Target>StaticLibrary</Target>
    <Externalconsole>true</Externalconsole>
    <DebugLevel>0</DebugLevel>
    <ExtraCompilerArguments>-m64</ExtraCompilerArguments>
  </PropertyGroup>
  <ItemGroup>
    <Compile Include="LuaD\luad\c\all.d" />
    <Compile Include="LuaD\luad\c\lauxlib.d" />
    <Compile Include="LuaD\luad\c\lua.d" />
    <Compile Include="LuaD\luad\c\luaconf.d" />
    <Compile Include="LuaD\luad\c\lualib.d" />
    <Compile Include="LuaD\luad\c\tostring.d" />
    <Compile Include="LuaD\luad\conversions\arrays.d" />
    <Compile Include="LuaD\luad\conversions\assocarrays.d" />
    <Compile Include="LuaD\luad\conversions\classes.d" />
    <Compile Include="LuaD\luad\conversions\functions.d" />
    <Compile Include="LuaD\luad\conversions\structs.d" />
    <Compile Include="LuaD\luad\conversions\variant.d" />
    <Compile Include="LuaD\luad\all.d" />
    <Compile Include="LuaD\luad\base.d" />
    <Compile Include="LuaD\luad\dynamic.d" />
    <Compile Include="LuaD\luad\error.d" />
    <Compile Include="LuaD\luad\lfunction.d" />
    <Compile Include="LuaD\luad\lmodule.d" />
    <Compile Include="LuaD\luad\stack.d" />
    <Compile Include="LuaD\luad\state.d" />
    <Compile Include="LuaD\luad\table.d" />
    <Compile Include="LuaD\luad\testing.d" />
  </ItemGroup>
</Project>
